schema: '2.0'
stages:
  data_ingestion:
    cmd: python src/components/module_01_data_ingestion.py
    deps:
    - path: src/components/module_01_data_ingestion.py
      hash: md5
      md5: ea3060cbee9ee8691941372f2903a2cd
      size: 4347
    - path: src/config/config_yaml.yaml
      hash: md5
      md5: 8ede5feb3f685c5d36473aa4f3b60073
      size: 1031
    outs:
    - path: data/raw/raw_test.csv
      hash: md5
      md5: 9bb97d1237c206a57ba19ef565345db0
      size: 52848
    - path: data/raw/raw_train.csv
      hash: md5
      md5: 73197f3c6e5eb23b868304e4c2b572f2
      size: 210054
  feature_engineering:
    cmd: python src/components/module_02_feature_engineering.py
    deps:
    - path: data/raw/raw_test.csv
      hash: md5
      md5: 9bb97d1237c206a57ba19ef565345db0
      size: 52848
    - path: data/raw/raw_train.csv
      hash: md5
      md5: 73197f3c6e5eb23b868304e4c2b572f2
      size: 210054
    - path: src/components/module_02_feature_engineering.py
      hash: md5
      md5: 42da11587e4c1cba39a48c9efb5b4358
      size: 7583
    outs:
    - path: data/dropped_features.pkl
      hash: md5
      md5: 5359b539d31d3d5e89b60afa6631bde6
      size: 248
    - path: data/interim/X_test.csv
      hash: md5
      md5: 79a924e5ee16f4c776f836c7c9f51a34
      size: 35944
    - path: data/interim/X_train.csv
      hash: md5
      md5: 090bbf8867b7abc5e551e6b8382c3ab2
      size: 142861
    - path: data/interim/y_test.csv
      hash: md5
      md5: 1b8b2ad74744cd665371a5f63660172d
      size: 2008
    - path: data/interim/y_train.csv
      hash: md5
      md5: 5848d6ce5e5cc429c5760e09da64faaa
      size: 8005
  model_training:
    cmd: python src/components/module_04_training_model.py
    deps:
    - path: data/interim/X_train.csv
      hash: md5
      md5: 090bbf8867b7abc5e551e6b8382c3ab2
      size: 142861
    - path: data/interim/y_train.csv
      hash: md5
      md5: 5848d6ce5e5cc429c5760e09da64faaa
      size: 8005
    - path: src/components/module_03_data_transformation.py
      hash: md5
      md5: 80d0709d9fedbda88dc6fc2c89255dd4
      size: 855
    - path: src/components/module_04_training_model.py
      hash: md5
      md5: 7b0f623ad54d816300e09aee087a424c
      size: 3237
    - path: src/config/config_yaml.yaml
      hash: md5
      md5: 8ede5feb3f685c5d36473aa4f3b60073
      size: 1031
    params:
      src/config/config_yaml.yaml:
        model_training.params:
          max_depth: 5
          learning_rate: 0.010186656321288096
          n_estimators: 574
          subsample: 0.6434239171890623
          colsample_bytree: 0.7317375561686101
          reg_alpha: 6.92738333659976
          scale_pos_weight: 5.966855473903635
          random_state: 42
          eval_metric: logloss
    outs:
    - path: data/model/model_pipeline.pkl
      hash: md5
      md5: 70c77e9ca0f988b1d301956f8c768446
      size: 1047729
