schema: '2.0'
stages:
  data_ingestion:
    cmd: python src/components/01_data_ingestion.py
    deps:
    - path: src/components/01_data_ingestion.py
      hash: md5
      md5: cfec94710ad24a69a7d6ef429a6fefc8
      size: 4142
    - path: src/config/config_yaml.yaml
      hash: md5
      md5: 2bb635ee5a41865fe82ac57c9f819b86
      size: 248
    outs:
    - path: data/raw/raw_test.csv
      hash: md5
      md5: 9bb97d1237c206a57ba19ef565345db0
      size: 52848
    - path: data/raw/raw_train.csv
      hash: md5
      md5: 73197f3c6e5eb23b868304e4c2b572f2
      size: 210054
